// !$*UTF8*$!
{
	archiveVersion = 1;
	classes = {
	};
	objectVersion = 50;
	objects = {

/* Begin PBXBuildFile section */
		D85D221C25A15545002BF218 /* AppDelegate.swift in Sources */ = {isa = PBXBuildFile; fileRef = D85D221B25A15545002BF218 /* AppDelegate.swift */; };
		D85D221E25A15545002BF218 /* SceneDelegate.swift in Sources */ = {isa = PBXBuildFile; fileRef = D85D221D25A15545002BF218 /* SceneDelegate.swift */; };
		D85D222025A15545002BF218 /* ViewController.swift in Sources */ = {isa = PBXBuildFile; fileRef = D85D221F25A15545002BF218 /* ViewController.swift */; };
		D85D222325A15545002BF218 /* Main.storyboard in Resources */ = {isa = PBXBuildFile; fileRef = D85D222125A15545002BF218 /* Main.storyboard */; };
		D85D222525A15546002BF218 /* Assets.xcassets in Resources */ = {isa = PBXBuildFile; fileRef = D85D222425A15546002BF218 /* Assets.xcassets */; };
		D85D222825A15546002BF218 /* LaunchScreen.storyboard in Resources */ = {isa = PBXBuildFile; fileRef = D85D222625A15546002BF218 /* LaunchScreen.storyboard */; };
		D85D223325A15546002BF218 /* ConstraintExampleTests.swift in Sources */ = {isa = PBXBuildFile; fileRef = D85D223225A15546002BF218 /* ConstraintExampleTests.swift */; };
		D85D223E25A15546002BF218 /* ConstraintExampleUITests.swift in Sources */ = {isa = PBXBuildFile; fileRef = D85D223D25A15546002BF218 /* ConstraintExampleUITests.swift */; };
/* End PBXBuildFile section */

/* Begin PBXContainerItemProxy section */
		D85D222F25A15546002BF218 /* PBXContainerItemProxy */ = {
			isa = PBXContainerItemProxy;
			containerPortal = D85D221025A15545002BF218 /* Project object */;
			proxyType = 1;
			remoteGlobalIDString = D85D221725A15545002BF218;
			remoteInfo = ConstraintExample;
		};
		D85D223A25A15546002BF218 /* PBXContainerItemProxy */ = {
			isa = PBXContainerItemProxy;
			containerPortal = D85D221025A15545002BF218 /* Project object */;
			proxyType = 1;
			remoteGlobalIDString = D85D221725A15545002BF218;
			remoteInfo = ConstraintExample;
		};
/* End PBXContainerItemProxy section */

/* Begin PBXFileReference section */
		D85D221825A15545002BF218 /* ConstraintExample.app */ = {isa = PBXFileReference; explicitFileType = wrapper.application; includeInIndex = 0; path = ConstraintExample.app; sourceTree = BUILT_PRODUCTS_DIR; };
		D85D221B25A15545002BF218 /* AppDelegate.swift */ = {isa = PBXFileReference; lastKnownFileType = sourcecode.swift; path = AppDelegate.swift; sourceTree = "<group>"; };
		D85D221D25A15545002BF218 /* SceneDelegate.swift */ = {isa = PBXFileReference; lastKnownFileType = sourcecode.swift; path = SceneDelegate.swift; sourceTree = "<group>"; };
		D85D221F25A15545002BF218 /* ViewController.swift */ = {isa = PBXFileReference; lastKnownFileType = sourcecode.swift; path = ViewController.swift; sourceTree = "<group>"; };
		D85D222225A15545002BF218 /* Base */ = {isa = PBXFileReference; lastKnownFileType = file.storyboard; name = Base; path = Base.lproj/Main.storyboard; sourceTree = "<group>"; };
		D85D222425A15546002BF218 /* Assets.xcassets */ = {isa = PBXFileReference; lastKnownFileType = folder.assetcatalog; path = Assets.xcassets; sourceTree = "<group>"; };
		D85D222725A15546002BF218 /* Base */ = {isa = PBXFileReference; lastKnownFileType = file.storyboard; name = Base; path = Base.lproj/LaunchScreen.storyboard; sourceTree = "<group>"; };
		D85D222925A15546002BF218 /* Info.plist */ = {isa = PBXFileReference; lastKnownFileType = text.plist.xml; path = Info.plist; sourceTree = "<group>"; };
		D85D222E25A15546002BF218 /* ConstraintExampleTests.xctest */ = {isa = PBXFileReference; explicitFileType = wrapper.cfbundle; includeInIndex = 0; path = ConstraintExampleTests.xctest; sourceTree = BUILT_PRODUCTS_DIR; };
		D85D223225A15546002BF218 /* ConstraintExampleTests.swift */ = {isa = PBXFileReference; lastKnownFileType = sourcecode.swift; path = ConstraintExampleTests.swift; sourceTree = "<group>"; };
		D85D223425A15546002BF218 /* Info.plist */ = {isa = PBXFileReference; lastKnownFileType = text.plist.xml; path = Info.plist; sourceTree = "<group>"; };
		D85D223925A15546002BF218 /* ConstraintExampleUITests.xctest */ = {isa = PBXFileReference; explicitFileType = wrapper.cfbundle; includeInIndex = 0; path = ConstraintExampleUITests.xctest; sourceTree = BUILT_PRODUCTS_DIR; };
		D85D223D25A15546002BF218 /* ConstraintExampleUITests.swift */ = {isa = PBXFileReference; lastKnownFileType = sourcecode.swift; path = ConstraintExampleUITests.swift; sourceTree = "<group>"; };
		D85D223F25A15546002BF218 /* Info.plist */ = {isa = PBXFileReference; lastKnownFileType = text.plist.xml; path = Info.plist; sourceTree = "<group>"; };
/* End PBXFileReference section */

/* Begin PBXFrameworksBuildPhase section */
		D85D221525A15545002BF218 /* Frameworks */ = {
			isa = PBXFrameworksBuildPhase;
			buildActionMask = 2147483647;
			files = (
			);
			runOnlyForDeploymentPostprocessing = 0;
		};
		D85D222B25A15546002BF218 /* Frameworks */ = {
			isa = PBXFrameworksBuildPhase;
			buildActionMask = 2147483647;
			files = (
			);
			runOnlyForDeploymentPostprocessing = 0;
		};
		D85D223625A15546002BF218 /* Frameworks */ = {
			isa = PBXFrameworksBuildPhase;
			buildActionMask = 2147483647;
			files = (
			);
			runOnlyForDeploymentPostprocessing = 0;
		};
/* End PBXFrameworksBuildPhase section */

/* Begin PBXGroup section */
		D85D220F25A15545002BF218 = {
			isa = PBXGroup;
			children = (
				D85D221A25A15545002BF218 /* ConstraintExample */,
				D85D223125A15546002BF218 /* ConstraintExampleTests */,
				D85D223C25A15546002BF218 /* ConstraintExampleUITests */,
				D85D221925A15545002BF218 /* Products */,
			);
			sourceTree = "<group>";
		};
		D85D221925A15545002BF218 /* Products */ = {
			isa = PBXGroup;
			children = (
				D85D221825A15545002BF218 /* ConstraintExample.app */,
				D85D222E25A15546002BF218 /* ConstraintExampleTests.xctest */,
				D85D223925A15546002BF218 /* ConstraintExampleUITests.xctest */,
			);
			name = Products;
			sourceTree = "<group>";
		};
		D85D221A25A15545002BF218 /* ConstraintExample */ = {
			isa = PBXGroup;
			children = (
				D85D221B25A15545002BF218 /* AppDelegate.swift */,
				D85D221D25A15545002BF218 /* SceneDelegate.swift */,
				D85D221F25A15545002BF218 /* ViewController.swift */,
				D85D222125A15545002BF218 /* Main.storyboard */,
				D85D222425A15546002BF218 /* Assets.xcassets */,
				D85D222625A15546002BF218 /* LaunchScreen.storyboard */,
				D85D222925A15546002BF218 /* Info.plist */,
			);
			path = ConstraintExample;
			sourceTree = "<group>";
		};
		D85D223125A15546002BF218 /* ConstraintExampleTests */ = {
			isa = PBXGroup;
			children = (
				D85D223225A15546002BF218 /* ConstraintExampleTests.swift */,
				D85D223425A15546002BF218 /* Info.plist */,
			);
			path = ConstraintExampleTests;
			sourceTree = "<group>";
		};
		D85D223C25A15546002BF218 /* ConstraintExampleUITests */ = {
			isa = PBXGroup;
			children = (
				D85D223D25A15546002BF218 /* ConstraintExampleUITests.swift */,
				D85D223F25A15546002BF218 /* Info.plist */,
			);
			path = ConstraintExampleUITests;
			sourceTree = "<group>";
		};
/* End PBXGroup section */

/* Begin PBXNativeTarget section */
		D85D221725A15545002BF218 /* ConstraintExample */ = {
			isa = PBXNativeTarget;
			buildConfigurationList = D85D224225A15546002BF218 /* Build configuration list for PBXNativeTarget "ConstraintExample" */;
			buildPhases = (
				D85D221425A15545002BF218 /* Sources */,
				D85D221525A15545002BF218 /* Frameworks */,
				D85D221625A15545002BF218 /* Resources */,
			);
			buildRules = (
			);
			dependencies = (
			);
			name = ConstraintExample;
			productName = ConstraintExample;
			productReference = D85D221825A15545002BF218 /* ConstraintExample.app */;
			productType = "com.apple.product-type.application";
		};
		D85D222D25A15546002BF218 /* ConstraintExampleTests */ = {
			isa = PBXNativeTarget;
			buildConfigurationList = D85D224525A15546002BF218 /* Build configuration list for PBXNativeTarget "ConstraintExampleTests" */;
			buildPhases = (
				D85D222A25A15546002BF218 /* Sources */,
				D85D222B25A15546002BF218 /* Frameworks */,
				D85D222C25A15546002BF218 /* Resources */,
			);
			buildRules = (
			);
			dependencies = (
				D85D223025A15546002BF218 /* PBXTargetDependency */,
			);
			name = ConstraintExampleTests;
			productName = ConstraintExampleTests;
			productReference = D85D222E25A15546002BF218 /* ConstraintExampleTests.xctest */;
			productType = "com.apple.product-type.bundle.unit-test";
		};
		D85D223825A15546002BF218 /* ConstraintExampleUITests */ = {
			isa = PBXNativeTarget;
			buildConfigurationList = D85D224825A15546002BF218 /* Build configuration list for PBXNativeTarget "ConstraintExampleUITests" */;
			buildPhases = (
				D85D223525A15546002BF218 /* Sources */,
				D85D223625A15546002BF218 /* Frameworks */,
				D85D223725A15546002BF218 /* Resources */,
			);
			buildRules = (
			);
			dependencies = (
				D85D223B25A15546002BF218 /* PBXTargetDependency */,
			);
			name = ConstraintExampleUITests;
			productName = ConstraintExampleUITests;
			productReference = D85D223925A15546002BF218 /* ConstraintExampleUITests.xctest */;
			productType = "com.apple.product-type.bundle.ui-testing";
		};
/* End PBXNativeTarget section */

/* Begin PBXProject section */
		D85D221025A15545002BF218 /* Project object */ = {
			isa = PBXProject;
			attributes = {
				LastSwiftUpdateCheck = 1230;
				LastUpgradeCheck = 1230;
				TargetAttributes = {
					D85D221725A15545002BF218 = {
						CreatedOnToolsVersion = 12.3;
					};
					D85D222D25A15546002BF218 = {
						CreatedOnToolsVersion = 12.3;
						TestTargetID = D85D221725A15545002BF218;
					};
					D85D223825A15546002BF218 = {
						CreatedOnToolsVersion = 12.3;
						TestTargetID = D85D221725A15545002BF218;
					};
				};
			};
			buildConfigurationList = D85D221325A15545002BF218 /* Build configuration list for PBXProject "ConstraintExample" */;
			compatibilityVersion = "Xcode 9.3";
			developmentRegion = en;
			hasScannedForEncodings = 0;
			knownRegions = (
				en,
				Base,
			);
			mainGroup = D85D220F25A15545002BF218;
			productRefGroup = D85D221925A15545002BF218 /* Products */;
			projectDirPath = "";
			projectRoot = "";
			targets = (
				D85D221725A15545002BF218 /* ConstraintExample */,
				D85D222D25A15546002BF218 /* ConstraintExampleTests */,
				D85D223825A15546002BF218 /* ConstraintExampleUITests */,
			);
		};
/* End PBXProject section */

/* Begin PBXResourcesBuildPhase section */
		D85D221625A15545002BF218 /* Resources */ = {
			isa = PBXResourcesBuildPhase;
			buildActionMask = 2147483647;
			files = (
				D85D222825A15546002BF218 /* LaunchScreen.storyboard in Resources */,
				D85D222525A15546002BF218 /* Assets.xcassets in Resources */,
				D85D222325A15545002BF218 /* Main.storyboard in Resources */,
			);
			runOnlyForDeploymentPostprocessing = 0;
		};
		D85D222C25A15546002BF218 /* Resources */ = {
			isa = PBXResourcesBuildPhase;
			buildActionMask = 2147483647;
			files = (
			);
			runOnlyForDeploymentPostprocessing = 0;
		};
		D85D223725A15546002BF218 /* Resources */ = {
			isa = PBXResourcesBuildPhase;
			buildActionMask = 2147483647;
			files = (
			);
			runOnlyForDeploymentPostprocessing = 0;
		};
/* End PBXResourcesBuildPhase section */

/* Begin PBXSourcesBuildPhase section */
		D85D221425A15545002BF218 /* Sources */ = {
			isa = PBXSourcesBuildPhase;
			buildActionMask = 2147483647;
			files = (
				D85D222025A15545002BF218 /* ViewController.swift in Sources */,
				D85D221C25A15545002BF218 /* AppDelegate.swift in Sources */,
				D85D221E25A15545002BF218 /* SceneDelegate.swift in Sources */,
			);
			runOnlyForDeploymentPostprocessing = 0;
		};
		D85D222A25A15546002BF218 /* Sources */ = {
			isa = PBXSourcesBuildPhase;
			buildActionMask = 2147483647;
			files = (
				D85D223325A15546002BF218 /* ConstraintExampleTests.swift in Sources */,
			);
			runOnlyForDeploymentPostprocessing = 0;
		};
		D85D223525A15546002BF218 /* Sources */ = {
			isa = PBXSourcesBuildPhase;
			buildActionMask = 2147483647;
			files = (
				D85D223E25A15546002BF218 /* ConstraintExampleUITests.swift in Sources */,
			);
			runOnlyForDeploymentPostprocessing = 0;
		};
/* End PBXSourcesBuildPhase section */

/* Begin PBXTargetDependency section */
		D85D223025A15546002BF218 /* PBXTargetDependency */ = {
			isa = PBXTargetDependency;
			target = D85D221725A15545002BF218 /* ConstraintExample */;
			targetProxy = D85D222F25A15546002BF218 /* PBXContainerItemProxy */;
		};
		D85D223B25A15546002BF218 /* PBXTargetDependency */ = {
			isa = PBXTargetDependency;
			target = D85D221725A15545002BF218 /* ConstraintExample */;
			targetProxy = D85D223A25A15546002BF218 /* PBXContainerItemProxy */;
		};
/* End PBXTargetDependency section */

/* Begin PBXVariantGroup section */
		D85D222125A15545002BF218 /* Main.storyboard */ = {
			isa = PBXVariantGroup;
			children = (
				D85D222225A15545002BF218 /* Base */,
			);
			name = Main.storyboard;
			sourceTree = "<group>";
		};
		D85D222625A15546002BF218 /* LaunchScreen.storyboard */ = {
			isa = PBXVariantGroup;
			children = (
				D85D222725A15546002BF218 /* Base */,
			);
			name = LaunchScreen.storyboard;
			sourceTree = "<group>";
		};
/* End PBXVariantGroup section */

/* Begin XCBuildConfiguration section */
		D85D224025A15546002BF218 /* Debug */ = {
			isa = XCBuildConfiguration;
			buildSettings = {
				ALWAYS_SEARCH_USER_PATHS = NO;
				CLANG_ANALYZER_NONNULL = YES;
				CLANG_ANALYZER_NUMBER_OBJECT_CONVERSION = YES_AGGRESSIVE;
				CLANG_CXX_LANGUAGE_STANDARD = "gnu++14";
				CLANG_CXX_LIBRARY = "libc++";
				CLANG_ENABLE_MODULES = YES;
				CLANG_ENABLE_OBJC_ARC = YES;
				CLANG_ENABLE_OBJC_WEAK = YES;
				CLANG_WARN_BLOCK_CAPTURE_AUTORELEASING = YES;
				CLANG_WARN_BOOL_CONVERSION = YES;
				CLANG_WARN_COMMA = YES;
				CLANG_WARN_CONSTANT_CONVERSION = YES;
				CLANG_WARN_DEPRECATED_OBJC_IMPLEMENTATIONS = YES;
				CLANG_WARN_DIRECT_OBJC_ISA_USAGE = YES_ERROR;
				CLANG_WARN_DOCUMENTATION_COMMENTS = YES;
				CLANG_WARN_EMPTY_BODY = YES;
				CLANG_WARN_ENUM_CONVERSION = YES;
				CLANG_WARN_INFINITE_RECURSION = YES;
				CLANG_WARN_INT_CONVERSION = YES;
				CLANG_WARN_NON_LITERAL_NULL_CONVERSION = YES;
				CLANG_WARN_OBJC_IMPLICIT_RETAIN_SELF = YES;
				CLANG_WARN_OBJC_LITERAL_CONVERSION = YES;
				CLANG_WARN_OBJC_ROOT_CLASS = YES_ERROR;
				CLANG_WARN_QUOTED_INCLUDE_IN_FRAMEWORK_HEADER = YES;
				CLANG_WARN_RANGE_LOOP_ANALYSIS = YES;
				CLANG_WARN_STRICT_PROTOTYPES = YES;
				CLANG_WARN_SUSPICIOUS_MOVE = YES;
				CLANG_WARN_UNGUARDED_AVAILABILITY = YES_AGGRESSIVE;
				CLANG_WARN_UNREACHABLE_CODE = YES;
				CLANG_WARN__DUPLICATE_METHOD_MATCH = YES;
				COPY_PHASE_STRIP = NO;
				DEBUG_INFORMATION_FORMAT = dwarf;
				ENABLE_STRICT_OBJC_MSGSEND = YES;
				ENABLE_TESTABILITY = YES;
				GCC_C_LANGUAGE_STANDARD = gnu11;
				GCC_DYNAMIC_NO_PIC = NO;
				GCC_NO_COMMON_BLOCKS = YES;
				GCC_OPTIMIZATION_LEVEL = 0;
				GCC_PREPROCESSOR_DEFINITIONS = (
					"DEBUG=1",
					"$(inherited)",
				);
				GCC_WARN_64_TO_32_BIT_CONVERSION = YES;
				GCC_WARN_ABOUT_RETURN_TYPE = YES_ERROR;
				GCC_WARN_UNDECLARED_SELECTOR = YES;
				GCC_WARN_UNINITIALIZED_AUTOS = YES_AGGRESSIVE;
				GCC_WARN_UNUSED_FUNCTION = YES;
				GCC_WARN_UNUSED_VARIABLE = YES;
				IPHONEOS_DEPLOYMENT_TARGET = 14.3;
				MTL_ENABLE_DEBUG_INFO = INCLUDE_SOURCE;
				MTL_FAST_MATH = YES;
				ONLY_ACTIVE_ARCH = YES;
				SDKROOT = iphoneos;
				SWIFT_ACTIVE_COMPILATION_CONDITIONS = DEBUG;
				SWIFT_OPTIMIZATION_LEVEL = "-Onone";
			};
			name = Debug;
		};
		D85D224125A15546002BF218 /* Release */ = {
			isa = XCBuildConfiguration;
			buildSettings = {
				ALWAYS_SEARCH_USER_PATHS = NO;
				CLANG_ANALYZER_NONNULL = YES;
				CLANG_ANALYZER_NUMBER_OBJECT_CONVERSION = YES_AGGRESSIVE;
				CLANG_CXX_LANGUAGE_STANDARD = "gnu++14";
				CLANG_CXX_LIBRARY = "libc++";
				CLANG_ENABLE_MODULES = YES;
				CLANG_ENABLE_OBJC_ARC = YES;
				CLANG_ENABLE_OBJC_WEAK = YES;
				CLANG_WARN_BLOCK_CAPTURE_AUTORELEASING = YES;
				CLANG_WARN_BOOL_CONVERSION = YES;
				CLANG_WARN_COMMA = YES;
				CLANG_WARN_CONSTANT_CONVERSION = YES;
				CLANG_WARN_DEPRECATED_OBJC_IMPLEMENTATIONS = YES;
				CLANG_WARN_DIRECT_OBJC_ISA_USAGE = YES_ERROR;
				CLANG_WARN_DOCUMENTATION_COMMENTS = YES;
				CLANG_WARN_EMPTY_BODY = YES;
				CLANG_WARN_ENUM_CONVERSION = YES;
				CLANG_WARN_INFINITE_RECURSION = YES;
				CLANG_WARN_INT_CONVERSION = YES;
				CLANG_WARN_NON_LITERAL_NULL_CONVERSION = YES;
				CLANG_WARN_OBJC_IMPLICIT_RETAIN_SELF = YES;
				CLANG_WARN_OBJC_LITERAL_CONVERSION = YES;
				CLANG_WARN_OBJC_ROOT_CLASS = YES_ERROR;
				CLANG_WARN_QUOTED_INCLUDE_IN_FRAMEWORK_HEADER = YES;
				CLANG_WARN_RANGE_LOOP_ANALYSIS = YES;
				CLANG_WARN_STRICT_PROTOTYPES = YES;
				CLANG_WARN_SUSPICIOUS_MOVE = YES;
				CLANG_WARN_UNGUARDED_AVAILABILITY = YES_AGGRESSIVE;
				CLANG_WARN_UNREACHABLE_CODE = YES;
				CLANG_WARN__DUPLICATE_METHOD_MATCH = YES;
				COPY_PHASE_STRIP = NO;
				DEBUG_INFORMATION_FORMAT = "dwarf-with-dsym";
				ENABLE_NS_ASSERTIONS = NO;
				ENABLE_STRICT_OBJC_MSGSEND = YES;
				GCC_C_LANGUAGE_STANDARD = gnu11;
				GCC_NO_COMMON_BLOCKS = YES;
				GCC_WARN_64_TO_32_BIT_CONVERSION = YES;
				GCC_WARN_ABOUT_RETURN_TYPE = YES_ERROR;
				GCC_WARN_UNDECLARED_SELECTOR = YES;
				GCC_WARN_UNINITIALIZED_AUTOS = YES_AGGRESSIVE;
				GCC_WARN_UNUSED_FUNCTION = YES;
				GCC_WARN_UNUSED_VARIABLE = YES;
				IPHONEOS_DEPLOYMENT_TARGET = 14.3;
				MTL_ENABLE_DEBUG_INFO = NO;
				MTL_FAST_MATH = YES;
				SDKROOT = iphoneos;
				SWIFT_COMPILATION_MODE = wholemodule;
				SWIFT_OPTIMIZATION_LEVEL = "-O";
				VALIDATE_PRODUCT = YES;
			};
			name = Release;
		};
		D85D224325A15546002BF218 /* Debug */ = {
			isa = XCBuildConfiguration;
			buildSettings = {
				ASSETCATALOG_COMPILER_APPICON_NAME = AppIcon;
				ASSETCATALOG_COMPILER_GLOBAL_ACCENT_COLOR_NAME = AccentColor;
				CODE_SIGN_STYLE = Automatic;
				INFOPLIST_FILE = ConstraintExample/Info.plist;
				LD_RUNPATH_SEARCH_PATHS = (
					"$(inherited)",
					"@executable_path/Frameworks",
				);
				PRODUCT_BUNDLE_IDENTIFIER = com.example.ConstraintExample;
				PRODUCT_NAME = "$(TARGET_NAME)";
				SWIFT_VERSION = 5.0;
				TARGETED_DEVICE_FAMILY = "1,2";
			};
			name = Debug;
		};
		D85D224425A15546002BF218 /* Release */ = {
			isa = XCBuildConfiguration;
			buildSettings = {
				ASSETCATALOG_COMPILER_APPICON_NAME = AppIcon;
				ASSETCATALOG_COMPILER_GLOBAL_ACCENT_COLOR_NAME = AccentColor;
				CODE_SIGN_STYLE = Automatic;
				INFOPLIST_FILE = ConstraintExample/Info.plist;
				LD_RUNPATH_SEARCH_PATHS = (
					"$(inherited)",
					"@executable_path/Frameworks",
				);
				PRODUCT_BUNDLE_IDENTIFIER = com.example.ConstraintExample;
				PRODUCT_NAME = "$(TARGET_NAME)";
				SWIFT_VERSION = 5.0;
				TARGETED_DEVICE_FAMILY = "1,2";
			};
			name = Release;
		};
		D85D224625A15546002BF218 /* Debug */ = {
			isa = XCBuildConfiguration;
			buildSettings = {
				ALWAYS_EMBED_SWIFT_STANDARD_LIBRARIES = YES;
				BUNDLE_LOADER = "$(TEST_HOST)";
				CODE_SIGN_STYLE = Automatic;
				INFOPLIST_FILE = ConstraintExampleTests/Info.plist;
				IPHONEOS_DEPLOYMENT_TARGET = 14.3;
				LD_RUNPATH_SEARCH_PATHS = (
					"$(inherited)",
					"@executable_path/Frameworks",
					"@loader_path/Frameworks",
				);
				PRODUCT_BUNDLE_IDENTIFIER = com.example.ConstraintExampleTests;
				PRODUCT_NAME = "$(TARGET_NAME)";
				SWIFT_VERSION = 5.0;
				TARGETED_DEVICE_FAMILY = "1,2";
				TEST_HOST = "$(BUILT_PRODUCTS_DIR)/ConstraintExample.app/ConstraintExample";
			};
			name = Debug;
		};
		D85D224725A15546002BF218 /* Release */ = {
			isa = XCBuildConfiguration;
			buildSettings = {
				ALWAYS_EMBED_SWIFT_STANDARD_LIBRARIES = YES;
				BUNDLE_LOADER = "$(TEST_HOST)";
				CODE_SIGN_STYLE = Automatic;
				INFOPLIST_FILE = ConstraintExampleTests/Info.plist;
				IPHONEOS_DEPLOYMENT_TARGET = 14.3;
				LD_RUNPATH_SEARCH_PATHS = (
					"$(inherited)",
					"@executable_path/Frameworks",
					"@loader_path/Frameworks",
				);
				PRODUCT_BUNDLE_IDENTIFIER = com.example.ConstraintExampleTests;
				PRODUCT_NAME = "$(TARGET_NAME)";
				SWIFT_VERSION = 5.0;
				TARGETED_DEVICE_FAMILY = "1,2";
				TEST_HOST = "$(BUILT_PRODUCTS_DIR)/ConstraintExample.app/ConstraintExample";
			};
			name = Release;
		};
		D85D224925A15546002BF218 /* Debug */ = {
			isa = XCBuildConfiguration;
			buildSettings = {
				ALWAYS_EMBED_SWIFT_STANDARD_LIBRARIES = YES;
				CODE_SIGN_STYLE = Automatic;
				INFOPLIST_FILE = ConstraintExampleUITests/Info.plist;
				LD_RUNPATH_SEARCH_PATHS = (
					"$(inherited)",
					"@executable_path/Frameworks",
					"@loader_path/Frameworks",
				);
				PRODUCT_BUNDLE_IDENTIFIER = com.example.ConstraintExampleUITests;
				PRODUCT_NAME = "$(TARGET_NAME)";
				SWIFT_VERSION = 5.0;
				TARGETED_DEVICE_FAMILY = "1,2";
				TEST_TARGET_NAME = ConstraintExample;
			};
			name = Debug;
		};
		D85D224A25A15546002BF218 /* Release */ = {
			isa = XCBuildConfiguration;
			buildSettings = {
				ALWAYS_EMBED_SWIFT_STANDARD_LIBRARIES = YES;
				CODE_SIGN_STYLE = Automatic;
				INFOPLIST_FILE = ConstraintExampleUITests/Info.plist;
				LD_RUNPATH_SEARCH_PATHS = (
					"$(inherited)",
					"@executable_path/Frameworks",
					"@loader_path/Frameworks",
				);
				PRODUCT_BUNDLE_IDENTIFIER = com.example.ConstraintExampleUITests;
				PRODUCT_NAME = "$(TARGET_NAME)";
				SWIFT_VERSION = 5.0;
				TARGETED_DEVICE_FAMILY = "1,2";
				TEST_TARGET_NAME = ConstraintExample;
			};
			name = Release;
		};
/* End XCBuildConfiguration section */

/* Begin XCConfigurationList section */
		D85D221325A15545002BF218 /* Build configuration list for PBXProject "ConstraintExample" */ = {
			isa = XCConfigurationList;
			buildConfigurations = (
				D85D224025A15546002BF218 /* Debug */,
				D85D224125A15546002BF218 /* Release */,
			);
			defaultConfigurationIsVisible = 0;
			defaultConfigurationName = Release;
		};
		D85D224225A15546002BF218 /* Build configuration list for PBXNativeTarget "ConstraintExample" */ = {
			isa = XCConfigurationList;
			buildConfigurations = (
				D85D224325A15546002BF218 /* Debug */,
				D85D224425A15546002BF218 /* Release */,
			);
			defaultConfigurationIsVisible = 0;
			defaultConfigurationName = Release;
		};
		D85D224525A15546002BF218 /* Build configuration list for PBXNativeTarget "ConstraintExampleTests" */ = {
			isa = XCConfigurationList;
			buildConfigurations = (
				D85D224625A15546002BF218 /* Debug */,
				D85D224725A15546002BF218 /* Release */,
			);
			defaultConfigurationIsVisible = 0;
			defaultConfigurationName = Release;
		};
		D85D224825A15546002BF218 /* Build configuration list for PBXNativeTarget "ConstraintExampleUITests" */ = {
			isa = XCConfigurationList;
			buildConfigurations = (
				D85D224925A15546002BF218 /* Debug */,
				D85D224A25A15546002BF218 /* Release */,
			);
			defaultConfigurationIsVisible = 0;
			defaultConfigurationName = Release;
		};
/* End XCConfigurationList section */
	};
	rootObject = D85D221025A15545002BF218 /* Project object */;
}
