// !$*UTF8*$!
{
	archiveVersion = 1;
	classes = {
	};
	objectVersion = 50;
	objects = {

/* Begin PBXBuildFile section */
		D8457B1F259BE53800D958A1 /* AppDelegate.swift in Sources */ = {isa = PBXBuildFile; fileRef = D8457B1E259BE53800D958A1 /* AppDelegate.swift */; };
		D8457B21259BE53800D958A1 /* SceneDelegate.swift in Sources */ = {isa = PBXBuildFile; fileRef = D8457B20259BE53800D958A1 /* SceneDelegate.swift */; };
		D8457B23259BE53800D958A1 /* FirstViewController.swift in Sources */ = {isa = PBXBuildFile; fileRef = D8457B22259BE53800D958A1 /* FirstViewController.swift */; };
		D8457B25259BE53800D958A1 /* SecondViewController.swift in Sources */ = {isa = PBXBuildFile; fileRef = D8457B24259BE53800D958A1 /* SecondViewController.swift */; };
		D8457B28259BE53800D958A1 /* Main.storyboard in Resources */ = {isa = PBXBuildFile; fileRef = D8457B26259BE53800D958A1 /* Main.storyboard */; };
		D8457B2A259BE53800D958A1 /* Assets.xcassets in Resources */ = {isa = PBXBuildFile; fileRef = D8457B29259BE53800D958A1 /* Assets.xcassets */; };
		D8457B2D259BE53800D958A1 /* LaunchScreen.storyboard in Resources */ = {isa = PBXBuildFile; fileRef = D8457B2B259BE53800D958A1 /* LaunchScreen.storyboard */; };
		D8457B35259BE60C00D958A1 /* ThirdViewController.swift in Sources */ = {isa = PBXBuildFile; fileRef = D8457B34259BE60C00D958A1 /* ThirdViewController.swift */; };
/* End PBXBuildFile section */

/* Begin PBXFileReference section */
		D8457B1B259BE53800D958A1 /* Tabbed App Example.app */ = {isa = PBXFileReference; explicitFileType = wrapper.application; includeInIndex = 0; path = "Tabbed App Example.app"; sourceTree = BUILT_PRODUCTS_DIR; };
		D8457B1E259BE53800D958A1 /* AppDelegate.swift */ = {isa = PBXFileReference; lastKnownFileType = sourcecode.swift; path = AppDelegate.swift; sourceTree = "<group>"; };
		D8457B20259BE53800D958A1 /* SceneDelegate.swift */ = {isa = PBXFileReference; lastKnownFileType = sourcecode.swift; path = SceneDelegate.swift; sourceTree = "<group>"; };
		D8457B22259BE53800D958A1 /* FirstViewController.swift */ = {isa = PBXFileReference; lastKnownFileType = sourcecode.swift; path = FirstViewController.swift; sourceTree = "<group>"; };
		D8457B24259BE53800D958A1 /* SecondViewController.swift */ = {isa = PBXFileReference; lastKnownFileType = sourcecode.swift; path = SecondViewController.swift; sourceTree = "<group>"; };
		D8457B27259BE53800D958A1 /* Base */ = {isa = PBXFileReference; lastKnownFileType = file.storyboard; name = Base; path = Base.lproj/Main.storyboard; sourceTree = "<group>"; };
		D8457B29259BE53800D958A1 /* Assets.xcassets */ = {isa = PBXFileReference; lastKnownFileType = folder.assetcatalog; path = Assets.xcassets; sourceTree = "<group>"; };
		D8457B2C259BE53800D958A1 /* Base */ = {isa = PBXFileReference; lastKnownFileType = file.storyboard; name = Base; path = Base.lproj/LaunchScreen.storyboard; sourceTree = "<group>"; };
		D8457B2E259BE53800D958A1 /* Info.plist */ = {isa = PBXFileReference; lastKnownFileType = text.plist.xml; path = Info.plist; sourceTree = "<group>"; };
		D8457B34259BE60C00D958A1 /* ThirdViewController.swift */ = {isa = PBXFileReference; lastKnownFileType = sourcecode.swift; path = ThirdViewController.swift; sourceTree = "<group>"; };
/* End PBXFileReference section */

/* Begin PBXFrameworksBuildPhase section */
		D8457B18259BE53800D958A1 /* Frameworks */ = {
			isa = PBXFrameworksBuildPhase;
			buildActionMask = 2147483647;
			files = (
			);
			runOnlyForDeploymentPostprocessing = 0;
		};
/* End PBXFrameworksBuildPhase section */

/* Begin PBXGroup section */
		D8457B12259BE53800D958A1 = {
			isa = PBXGroup;
			children = (
				D8457B1D259BE53800D958A1 /* Tabbed App Example */,
				D8457B1C259BE53800D958A1 /* Products */,
			);
			sourceTree = "<group>";
		};
		D8457B1C259BE53800D958A1 /* Products */ = {
			isa = PBXGroup;
			children = (
				D8457B1B259BE53800D958A1 /* Tabbed App Example.app */,
			);
			name = Products;
			sourceTree = "<group>";
		};
		D8457B1D259BE53800D958A1 /* Tabbed App Example */ = {
			isa = PBXGroup;
			children = (
				D8457B1E259BE53800D958A1 /* AppDelegate.swift */,
				D8457B20259BE53800D958A1 /* SceneDelegate.swift */,
				D8457B22259BE53800D958A1 /* FirstViewController.swift */,
				D8457B24259BE53800D958A1 /* SecondViewController.swift */,
				D8457B26259BE53800D958A1 /* Main.storyboard */,
				D8457B34259BE60C00D958A1 /* ThirdViewController.swift */,
				D8457B29259BE53800D958A1 /* Assets.xcassets */,
				D8457B2B259BE53800D958A1 /* LaunchScreen.storyboard */,
				D8457B2E259BE53800D958A1 /* Info.plist */,
			);
			path = "Tabbed App Example";
			sourceTree = "<group>";
		};
/* End PBXGroup section */

/* Begin PBXNativeTarget section */
		D8457B1A259BE53800D958A1 /* Tabbed App Example */ = {
			isa = PBXNativeTarget;
			buildConfigurationList = D8457B31259BE53800D958A1 /* Build configuration list for PBXNativeTarget "Tabbed App Example" */;
			buildPhases = (
				D8457B17259BE53800D958A1 /* Sources */,
				D8457B18259BE53800D958A1 /* Frameworks */,
				D8457B19259BE53800D958A1 /* Resources */,
			);
			buildRules = (
			);
			dependencies = (
			);
			name = "Tabbed App Example";
			productName = "Tabbed App Example";
			productReference = D8457B1B259BE53800D958A1 /* Tabbed App Example.app */;
			productType = "com.apple.product-type.application";
		};
/* End PBXNativeTarget section */

/* Begin PBXProject section */
		D8457B13259BE53800D958A1 /* Project object */ = {
			isa = PBXProject;
			attributes = {
				LastSwiftUpdateCheck = 1170;
				LastUpgradeCheck = 1170;
				ORGANIZATIONNAME = mac08;
				TargetAttributes = {
					D8457B1A259BE53800D958A1 = {
						CreatedOnToolsVersion = 11.7;
					};
				};
			};
			buildConfigurationList = D8457B16259BE53800D958A1 /* Build configuration list for PBXProject "Tabbed App Example" */;
			compatibilityVersion = "Xcode 9.3";
			developmentRegion = en;
			hasScannedForEncodings = 0;
			knownRegions = (
				en,
				Base,
			);
			mainGroup = D8457B12259BE53800D958A1;
			productRefGroup = D8457B1C259BE53800D958A1 /* Products */;
			projectDirPath = "";
			projectRoot = "";
			targets = (
				D8457B1A259BE53800D958A1 /* Tabbed App Example */,
			);
		};
/* End PBXProject section */

/* Begin PBXResourcesBuildPhase section */
		D8457B19259BE53800D958A1 /* Resources */ = {
			isa = PBXResourcesBuildPhase;
			buildActionMask = 2147483647;
			files = (
				D8457B2D259BE53800D958A1 /* LaunchScreen.storyboard in Resources */,
				D8457B2A259BE53800D958A1 /* Assets.xcassets in Resources */,
				D8457B28259BE53800D958A1 /* Main.storyboard in Resources */,
			);
			runOnlyForDeploymentPostprocessing = 0;
		};
/* End PBXResourcesBuildPhase section */

/* Begin PBXSourcesBuildPhase section */
		D8457B17259BE53800D958A1 /* Sources */ = {
			isa = PBXSourcesBuildPhase;
			buildActionMask = 2147483647;
			files = (
				D8457B25259BE53800D958A1 /* SecondViewController.swift in Sources */,
				D8457B23259BE53800D958A1 /* FirstViewController.swift in Sources */,
				D8457B35259BE60C00D958A1 /* ThirdViewController.swift in Sources */,
				D8457B1F259BE53800D958A1 /* AppDelegate.swift in Sources */,
				D8457B21259BE53800D958A1 /* SceneDelegate.swift in Sources */,
			);
			runOnlyForDeploymentPostprocessing = 0;
		};
/* End PBXSourcesBuildPhase section */

/* Begin PBXVariantGroup section */
		D8457B26259BE53800D958A1 /* Main.storyboard */ = {
			isa = PBXVariantGroup;
			children = (
				D8457B27259BE53800D958A1 /* Base */,
			);
			name = Main.storyboard;
			sourceTree = "<group>";
		};
		D8457B2B259BE53800D958A1 /* LaunchScreen.storyboard */ = {
			isa = PBXVariantGroup;
			children = (
				D8457B2C259BE53800D958A1 /* Base */,
			);
			name = LaunchScreen.storyboard;
			sourceTree = "<group>";
		};
/* End PBXVariantGroup section */

/* Begin XCBuildConfiguration section */
		D8457B2F259BE53800D958A1 /* Debug */ = {
			isa = XCBuildConfiguration;
			buildSettings = {
				ALWAYS_SEARCH_USER_PATHS = NO;
				CLANG_ANALYZER_NONNULL = YES;
				CLANG_ANALYZER_NUMBER_OBJECT_CONVERSION = YES_AGGRESSIVE;
				CLANG_CXX_LANGUAGE_STANDARD = "gnu++14";
				CLANG_CXX_LIBRARY = "libc++";
				CLANG_ENABLE_MODULES = YES;
				CLANG_ENABLE_OBJC_ARC = YES;
				CLANG_ENABLE_OBJC_WEAK = YES;
				CLANG_WARN_BLOCK_CAPTURE_AUTORELEASING = YES;
				CLANG_WARN_BOOL_CONVERSION = YES;
				CLANG_WARN_COMMA = YES;
				CLANG_WARN_CONSTANT_CONVERSION = YES;
				CLANG_WARN_DEPRECATED_OBJC_IMPLEMENTATIONS = YES;
				CLANG_WARN_DIRECT_OBJC_ISA_USAGE = YES_ERROR;
				CLANG_WARN_DOCUMENTATION_COMMENTS = YES;
				CLANG_WARN_EMPTY_BODY = YES;
				CLANG_WARN_ENUM_CONVERSION = YES;
				CLANG_WARN_INFINITE_RECURSION = YES;
				CLANG_WARN_INT_CONVERSION = YES;
				CLANG_WARN_NON_LITERAL_NULL_CONVERSION = YES;
				CLANG_WARN_OBJC_IMPLICIT_RETAIN_SELF = YES;
				CLANG_WARN_OBJC_LITERAL_CONVERSION = YES;
				CLANG_WARN_OBJC_ROOT_CLASS = YES_ERROR;
				CLANG_WARN_RANGE_LOOP_ANALYSIS = YES;
				CLANG_WARN_STRICT_PROTOTYPES = YES;
				CLANG_WARN_SUSPICIOUS_MOVE = YES;
				CLANG_WARN_UNGUARDED_AVAILABILITY = YES_AGGRESSIVE;
				CLANG_WARN_UNREACHABLE_CODE = YES;
				CLANG_WARN__DUPLICATE_METHOD_MATCH = YES;
				COPY_PHASE_STRIP = NO;
				DEBUG_INFORMATION_FORMAT = dwarf;
				ENABLE_STRICT_OBJC_MSGSEND = YES;
				ENABLE_TESTABILITY = YES;
				GCC_C_LANGUAGE_STANDARD = gnu11;
				GCC_DYNAMIC_NO_PIC = NO;
				GCC_NO_COMMON_BLOCKS = YES;
				GCC_OPTIMIZATION_LEVEL = 0;
				GCC_PREPROCESSOR_DEFINITIONS = (
					"DEBUG=1",
					"$(inherited)",
				);
				GCC_WARN_64_TO_32_BIT_CONVERSION = YES;
				GCC_WARN_ABOUT_RETURN_TYPE = YES_ERROR;
				GCC_WARN_UNDECLARED_SELECTOR = YES;
				GCC_WARN_UNINITIALIZED_AUTOS = YES_AGGRESSIVE;
				GCC_WARN_UNUSED_FUNCTION = YES;
				GCC_WARN_UNUSED_VARIABLE = YES;
				IPHONEOS_DEPLOYMENT_TARGET = 13.7;
				MTL_ENABLE_DEBUG_INFO = INCLUDE_SOURCE;
				MTL_FAST_MATH = YES;
				ONLY_ACTIVE_ARCH = YES;
				SDKROOT = iphoneos;
				SWIFT_ACTIVE_COMPILATION_CONDITIONS = DEBUG;
				SWIFT_OPTIMIZATION_LEVEL = "-Onone";
			};
			name = Debug;
		};
		D8457B30259BE53800D958A1 /* Release */ = {
			isa = XCBuildConfiguration;
			buildSettings = {
				ALWAYS_SEARCH_USER_PATHS = NO;
				CLANG_ANALYZER_NONNULL = YES;
				CLANG_ANALYZER_NUMBER_OBJECT_CONVERSION = YES_AGGRESSIVE;
				CLANG_CXX_LANGUAGE_STANDARD = "gnu++14";
				CLANG_CXX_LIBRARY = "libc++";
				CLANG_ENABLE_MODULES = YES;
				CLANG_ENABLE_OBJC_ARC = YES;
				CLANG_ENABLE_OBJC_WEAK = YES;
				CLANG_WARN_BLOCK_CAPTURE_AUTORELEASING = YES;
				CLANG_WARN_BOOL_CONVERSION = YES;
				CLANG_WARN_COMMA = YES;
				CLANG_WARN_CONSTANT_CONVERSION = YES;
				CLANG_WARN_DEPRECATED_OBJC_IMPLEMENTATIONS = YES;
				CLANG_WARN_DIRECT_OBJC_ISA_USAGE = YES_ERROR;
				CLANG_WARN_DOCUMENTATION_COMMENTS = YES;
				CLANG_WARN_EMPTY_BODY = YES;
				CLANG_WARN_ENUM_CONVERSION = YES;
				CLANG_WARN_INFINITE_RECURSION = YES;
				CLANG_WARN_INT_CONVERSION = YES;
				CLANG_WARN_NON_LITERAL_NULL_CONVERSION = YES;
				CLANG_WARN_OBJC_IMPLICIT_RETAIN_SELF = YES;
				CLANG_WARN_OBJC_LITERAL_CONVERSION = YES;
				CLANG_WARN_OBJC_ROOT_CLASS = YES_ERROR;
				CLANG_WARN_RANGE_LOOP_ANALYSIS = YES;
				CLANG_WARN_STRICT_PROTOTYPES = YES;
				CLANG_WARN_SUSPICIOUS_MOVE = YES;
				CLANG_WARN_UNGUARDED_AVAILABILITY = YES_AGGRESSIVE;
				CLANG_WARN_UNREACHABLE_CODE = YES;
				CLANG_WARN__DUPLICATE_METHOD_MATCH = YES;
				COPY_PHASE_STRIP = NO;
				DEBUG_INFORMATION_FORMAT = "dwarf-with-dsym";
				ENABLE_NS_ASSERTIONS = NO;
				ENABLE_STRICT_OBJC_MSGSEND = YES;
				GCC_C_LANGUAGE_STANDARD = gnu11;
				GCC_NO_COMMON_BLOCKS = YES;
				GCC_WARN_64_TO_32_BIT_CONVERSION = YES;
				GCC_WARN_ABOUT_RETURN_TYPE = YES_ERROR;
				GCC_WARN_UNDECLARED_SELECTOR = YES;
				GCC_WARN_UNINITIALIZED_AUTOS = YES_AGGRESSIVE;
				GCC_WARN_UNUSED_FUNCTION = YES;
				GCC_WARN_UNUSED_VARIABLE = YES;
				IPHONEOS_DEPLOYMENT_TARGET = 13.7;
				MTL_ENABLE_DEBUG_INFO = NO;
				MTL_FAST_MATH = YES;
				SDKROOT = iphoneos;
				SWIFT_COMPILATION_MODE = wholemodule;
				SWIFT_OPTIMIZATION_LEVEL = "-O";
				VALIDATE_PRODUCT = YES;
			};
			name = Release;
		};
		D8457B32259BE53800D958A1 /* Debug */ = {
			isa = XCBuildConfiguration;
			buildSettings = {
				ASSETCATALOG_COMPILER_APPICON_NAME = AppIcon;
				CODE_SIGN_STYLE = Automatic;
				INFOPLIST_FILE = "Tabbed App Example/Info.plist";
				LD_RUNPATH_SEARCH_PATHS = (
					"$(inherited)",
					"@executable_path/Frameworks",
				);
				PRODUCT_BUNDLE_IDENTIFIER = "com.example.Tabbed-App-Example";
				PRODUCT_NAME = "$(TARGET_NAME)";
				SWIFT_VERSION = 5.0;
				TARGETED_DEVICE_FAMILY = "1,2";
			};
			name = Debug;
		};
		D8457B33259BE53800D958A1 /* Release */ = {
			isa = XCBuildConfiguration;
			buildSettings = {
				ASSETCATALOG_COMPILER_APPICON_NAME = AppIcon;
				CODE_SIGN_STYLE = Automatic;
				INFOPLIST_FILE = "Tabbed App Example/Info.plist";
				LD_RUNPATH_SEARCH_PATHS = (
					"$(inherited)",
					"@executable_path/Frameworks",
				);
				PRODUCT_BUNDLE_IDENTIFIER = "com.example.Tabbed-App-Example";
				PRODUCT_NAME = "$(TARGET_NAME)";
				SWIFT_VERSION = 5.0;
				TARGETED_DEVICE_FAMILY = "1,2";
			};
			name = Release;
		};
/* End XCBuildConfiguration section */

/* Begin XCConfigurationList section */
		D8457B16259BE53800D958A1 /* Build configuration list for PBXProject "Tabbed App Example" */ = {
			isa = XCConfigurationList;
			buildConfigurations = (
				D8457B2F259BE53800D958A1 /* Debug */,
				D8457B30259BE53800D958A1 /* Release */,
			);
			defaultConfigurationIsVisible = 0;
			defaultConfigurationName = Release;
		};
		D8457B31259BE53800D958A1 /* Build configuration list for PBXNativeTarget "Tabbed App Example" */ = {
			isa = XCConfigurationList;
			buildConfigurations = (
				D8457B32259BE53800D958A1 /* Debug */,
				D8457B33259BE53800D958A1 /* Release */,
			);
			defaultConfigurationIsVisible = 0;
			defaultConfigurationName = Release;
		};
/* End XCConfigurationList section */
	};
	rootObject = D8457B13259BE53800D958A1 /* Project object */;
}
