// !$*UTF8*$!
{
	archiveVersion = 1;
	classes = {
	};
	objectVersion = 50;
	objects = {

/* Begin PBXBuildFile section */
		D82DAB66259B971D00F0C98E /* AppDelegate.swift in Sources */ = {isa = PBXBuildFile; fileRef = D82DAB65259B971D00F0C98E /* AppDelegate.swift */; };
		D82DAB68259B971D00F0C98E /* SceneDelegate.swift in Sources */ = {isa = PBXBuildFile; fileRef = D82DAB67259B971D00F0C98E /* SceneDelegate.swift */; };
		D82DAB6A259B971D00F0C98E /* ViewController.swift in Sources */ = {isa = PBXBuildFile; fileRef = D82DAB69259B971D00F0C98E /* ViewController.swift */; };
		D82DAB6D259B971D00F0C98E /* Main.storyboard in Resources */ = {isa = PBXBuildFile; fileRef = D82DAB6B259B971D00F0C98E /* Main.storyboard */; };
		D82DAB6F259B971D00F0C98E /* Assets.xcassets in Resources */ = {isa = PBXBuildFile; fileRef = D82DAB6E259B971D00F0C98E /* Assets.xcassets */; };
		D82DAB72259B971D00F0C98E /* LaunchScreen.storyboard in Resources */ = {isa = PBXBuildFile; fileRef = D82DAB70259B971D00F0C98E /* LaunchScreen.storyboard */; };
		D85112B6259CC4AB0070B760 /* Task.swift in Sources */ = {isa = PBXBuildFile; fileRef = D85112B5259CC4AB0070B760 /* Task.swift */; };
/* End PBXBuildFile section */

/* Begin PBXFileReference section */
		D82DAB62259B971D00F0C98E /* Night Porter Table View.app */ = {isa = PBXFileReference; explicitFileType = wrapper.application; includeInIndex = 0; path = "Night Porter Table View.app"; sourceTree = BUILT_PRODUCTS_DIR; };
		D82DAB65259B971D00F0C98E /* AppDelegate.swift */ = {isa = PBXFileReference; lastKnownFileType = sourcecode.swift; path = AppDelegate.swift; sourceTree = "<group>"; };
		D82DAB67259B971D00F0C98E /* SceneDelegate.swift */ = {isa = PBXFileReference; lastKnownFileType = sourcecode.swift; path = SceneDelegate.swift; sourceTree = "<group>"; };
		D82DAB69259B971D00F0C98E /* ViewController.swift */ = {isa = PBXFileReference; lastKnownFileType = sourcecode.swift; path = ViewController.swift; sourceTree = "<group>"; };
		D82DAB6C259B971D00F0C98E /* Base */ = {isa = PBXFileReference; lastKnownFileType = file.storyboard; name = Base; path = Base.lproj/Main.storyboard; sourceTree = "<group>"; };
		D82DAB6E259B971D00F0C98E /* Assets.xcassets */ = {isa = PBXFileReference; lastKnownFileType = folder.assetcatalog; path = Assets.xcassets; sourceTree = "<group>"; };
		D82DAB71259B971D00F0C98E /* Base */ = {isa = PBXFileReference; lastKnownFileType = file.storyboard; name = Base; path = Base.lproj/LaunchScreen.storyboard; sourceTree = "<group>"; };
		D82DAB73259B971D00F0C98E /* Info.plist */ = {isa = PBXFileReference; lastKnownFileType = text.plist.xml; path = Info.plist; sourceTree = "<group>"; };
		D85112B5259CC4AB0070B760 /* Task.swift */ = {isa = PBXFileReference; lastKnownFileType = sourcecode.swift; path = Task.swift; sourceTree = "<group>"; };
/* End PBXFileReference section */

/* Begin PBXFrameworksBuildPhase section */
		D82DAB5F259B971D00F0C98E /* Frameworks */ = {
			isa = PBXFrameworksBuildPhase;
			buildActionMask = 2147483647;
			files = (
			);
			runOnlyForDeploymentPostprocessing = 0;
		};
/* End PBXFrameworksBuildPhase section */

/* Begin PBXGroup section */
		D82DAB59259B971D00F0C98E = {
			isa = PBXGroup;
			children = (
				D82DAB64259B971D00F0C98E /* Night Porter Table View */,
				D82DAB63259B971D00F0C98E /* Products */,
			);
			sourceTree = "<group>";
		};
		D82DAB63259B971D00F0C98E /* Products */ = {
			isa = PBXGroup;
			children = (
				D82DAB62259B971D00F0C98E /* Night Porter Table View.app */,
			);
			name = Products;
			sourceTree = "<group>";
		};
		D82DAB64259B971D00F0C98E /* Night Porter Table View */ = {
			isa = PBXGroup;
			children = (
				D82DAB65259B971D00F0C98E /* AppDelegate.swift */,
				D82DAB67259B971D00F0C98E /* SceneDelegate.swift */,
				D82DAB69259B971D00F0C98E /* ViewController.swift */,
				D82DAB6B259B971D00F0C98E /* Main.storyboard */,
				D85112B5259CC4AB0070B760 /* Task.swift */,
				D82DAB6E259B971D00F0C98E /* Assets.xcassets */,
				D82DAB70259B971D00F0C98E /* LaunchScreen.storyboard */,
				D82DAB73259B971D00F0C98E /* Info.plist */,
			);
			path = "Night Porter Table View";
			sourceTree = "<group>";
		};
/* End PBXGroup section */

/* Begin PBXNativeTarget section */
		D82DAB61259B971D00F0C98E /* Night Porter Table View */ = {
			isa = PBXNativeTarget;
			buildConfigurationList = D82DAB76259B971D00F0C98E /* Build configuration list for PBXNativeTarget "Night Porter Table View" */;
			buildPhases = (
				D82DAB5E259B971D00F0C98E /* Sources */,
				D82DAB5F259B971D00F0C98E /* Frameworks */,
				D82DAB60259B971D00F0C98E /* Resources */,
			);
			buildRules = (
			);
			dependencies = (
			);
			name = "Night Porter Table View";
			productName = "Night Porter Table View";
			productReference = D82DAB62259B971D00F0C98E /* Night Porter Table View.app */;
			productType = "com.apple.product-type.application";
		};
/* End PBXNativeTarget section */

/* Begin PBXProject section */
		D82DAB5A259B971D00F0C98E /* Project object */ = {
			isa = PBXProject;
			attributes = {
				LastSwiftUpdateCheck = 1170;
				LastUpgradeCheck = 1170;
				ORGANIZATIONNAME = mac08;
				TargetAttributes = {
					D82DAB61259B971D00F0C98E = {
						CreatedOnToolsVersion = 11.7;
					};
				};
			};
			buildConfigurationList = D82DAB5D259B971D00F0C98E /* Build configuration list for PBXProject "Night Porter Table View" */;
			compatibilityVersion = "Xcode 9.3";
			developmentRegion = en;
			hasScannedForEncodings = 0;
			knownRegions = (
				en,
				Base,
			);
			mainGroup = D82DAB59259B971D00F0C98E;
			productRefGroup = D82DAB63259B971D00F0C98E /* Products */;
			projectDirPath = "";
			projectRoot = "";
			targets = (
				D82DAB61259B971D00F0C98E /* Night Porter Table View */,
			);
		};
/* End PBXProject section */

/* Begin PBXResourcesBuildPhase section */
		D82DAB60259B971D00F0C98E /* Resources */ = {
			isa = PBXResourcesBuildPhase;
			buildActionMask = 2147483647;
			files = (
				D82DAB72259B971D00F0C98E /* LaunchScreen.storyboard in Resources */,
				D82DAB6F259B971D00F0C98E /* Assets.xcassets in Resources */,
				D82DAB6D259B971D00F0C98E /* Main.storyboard in Resources */,
			);
			runOnlyForDeploymentPostprocessing = 0;
		};
/* End PBXResourcesBuildPhase section */

/* Begin PBXSourcesBuildPhase section */
		D82DAB5E259B971D00F0C98E /* Sources */ = {
			isa = PBXSourcesBuildPhase;
			buildActionMask = 2147483647;
			files = (
				D85112B6259CC4AB0070B760 /* Task.swift in Sources */,
				D82DAB6A259B971D00F0C98E /* ViewController.swift in Sources */,
				D82DAB66259B971D00F0C98E /* AppDelegate.swift in Sources */,
				D82DAB68259B971D00F0C98E /* SceneDelegate.swift in Sources */,
			);
			runOnlyForDeploymentPostprocessing = 0;
		};
/* End PBXSourcesBuildPhase section */

/* Begin PBXVariantGroup section */
		D82DAB6B259B971D00F0C98E /* Main.storyboard */ = {
			isa = PBXVariantGroup;
			children = (
				D82DAB6C259B971D00F0C98E /* Base */,
			);
			name = Main.storyboard;
			sourceTree = "<group>";
		};
		D82DAB70259B971D00F0C98E /* LaunchScreen.storyboard */ = {
			isa = PBXVariantGroup;
			children = (
				D82DAB71259B971D00F0C98E /* Base */,
			);
			name = LaunchScreen.storyboard;
			sourceTree = "<group>";
		};
/* End PBXVariantGroup section */

/* Begin XCBuildConfiguration section */
		D82DAB74259B971D00F0C98E /* Debug */ = {
			isa = XCBuildConfiguration;
			buildSettings = {
				ALWAYS_SEARCH_USER_PATHS = NO;
				CLANG_ANALYZER_NONNULL = YES;
				CLANG_ANALYZER_NUMBER_OBJECT_CONVERSION = YES_AGGRESSIVE;
				CLANG_CXX_LANGUAGE_STANDARD = "gnu++14";
				CLANG_CXX_LIBRARY = "libc++";
				CLANG_ENABLE_MODULES = YES;
				CLANG_ENABLE_OBJC_ARC = YES;
				CLANG_ENABLE_OBJC_WEAK = YES;
				CLANG_WARN_BLOCK_CAPTURE_AUTORELEASING = YES;
				CLANG_WARN_BOOL_CONVERSION = YES;
				CLANG_WARN_COMMA = YES;
				CLANG_WARN_CONSTANT_CONVERSION = YES;
				CLANG_WARN_DEPRECATED_OBJC_IMPLEMENTATIONS = YES;
				CLANG_WARN_DIRECT_OBJC_ISA_USAGE = YES_ERROR;
				CLANG_WARN_DOCUMENTATION_COMMENTS = YES;
				CLANG_WARN_EMPTY_BODY = YES;
				CLANG_WARN_ENUM_CONVERSION = YES;
				CLANG_WARN_INFINITE_RECURSION = YES;
				CLANG_WARN_INT_CONVERSION = YES;
				CLANG_WARN_NON_LITERAL_NULL_CONVERSION = YES;
				CLANG_WARN_OBJC_IMPLICIT_RETAIN_SELF = YES;
				CLANG_WARN_OBJC_LITERAL_CONVERSION = YES;
				CLANG_WARN_OBJC_ROOT_CLASS = YES_ERROR;
				CLANG_WARN_RANGE_LOOP_ANALYSIS = YES;
				CLANG_WARN_STRICT_PROTOTYPES = YES;
				CLANG_WARN_SUSPICIOUS_MOVE = YES;
				CLANG_WARN_UNGUARDED_AVAILABILITY = YES_AGGRESSIVE;
				CLANG_WARN_UNREACHABLE_CODE = YES;
				CLANG_WARN__DUPLICATE_METHOD_MATCH = YES;
				COPY_PHASE_STRIP = NO;
				DEBUG_INFORMATION_FORMAT = dwarf;
				ENABLE_STRICT_OBJC_MSGSEND = YES;
				ENABLE_TESTABILITY = YES;
				GCC_C_LANGUAGE_STANDARD = gnu11;
				GCC_DYNAMIC_NO_PIC = NO;
				GCC_NO_COMMON_BLOCKS = YES;
				GCC_OPTIMIZATION_LEVEL = 0;
				GCC_PREPROCESSOR_DEFINITIONS = (
					"DEBUG=1",
					"$(inherited)",
				);
				GCC_WARN_64_TO_32_BIT_CONVERSION = YES;
				GCC_WARN_ABOUT_RETURN_TYPE = YES_ERROR;
				GCC_WARN_UNDECLARED_SELECTOR = YES;
				GCC_WARN_UNINITIALIZED_AUTOS = YES_AGGRESSIVE;
				GCC_WARN_UNUSED_FUNCTION = YES;
				GCC_WARN_UNUSED_VARIABLE = YES;
				IPHONEOS_DEPLOYMENT_TARGET = 13.7;
				MTL_ENABLE_DEBUG_INFO = INCLUDE_SOURCE;
				MTL_FAST_MATH = YES;
				ONLY_ACTIVE_ARCH = YES;
				SDKROOT = iphoneos;
				SWIFT_ACTIVE_COMPILATION_CONDITIONS = DEBUG;
				SWIFT_OPTIMIZATION_LEVEL = "-Onone";
			};
			name = Debug;
		};
		D82DAB75259B971D00F0C98E /* Release */ = {
			isa = XCBuildConfiguration;
			buildSettings = {
				ALWAYS_SEARCH_USER_PATHS = NO;
				CLANG_ANALYZER_NONNULL = YES;
				CLANG_ANALYZER_NUMBER_OBJECT_CONVERSION = YES_AGGRESSIVE;
				CLANG_CXX_LANGUAGE_STANDARD = "gnu++14";
				CLANG_CXX_LIBRARY = "libc++";
				CLANG_ENABLE_MODULES = YES;
				CLANG_ENABLE_OBJC_ARC = YES;
				CLANG_ENABLE_OBJC_WEAK = YES;
				CLANG_WARN_BLOCK_CAPTURE_AUTORELEASING = YES;
				CLANG_WARN_BOOL_CONVERSION = YES;
				CLANG_WARN_COMMA = YES;
				CLANG_WARN_CONSTANT_CONVERSION = YES;
				CLANG_WARN_DEPRECATED_OBJC_IMPLEMENTATIONS = YES;
				CLANG_WARN_DIRECT_OBJC_ISA_USAGE = YES_ERROR;
				CLANG_WARN_DOCUMENTATION_COMMENTS = YES;
				CLANG_WARN_EMPTY_BODY = YES;
				CLANG_WARN_ENUM_CONVERSION = YES;
				CLANG_WARN_INFINITE_RECURSION = YES;
				CLANG_WARN_INT_CONVERSION = YES;
				CLANG_WARN_NON_LITERAL_NULL_CONVERSION = YES;
				CLANG_WARN_OBJC_IMPLICIT_RETAIN_SELF = YES;
				CLANG_WARN_OBJC_LITERAL_CONVERSION = YES;
				CLANG_WARN_OBJC_ROOT_CLASS = YES_ERROR;
				CLANG_WARN_RANGE_LOOP_ANALYSIS = YES;
				CLANG_WARN_STRICT_PROTOTYPES = YES;
				CLANG_WARN_SUSPICIOUS_MOVE = YES;
				CLANG_WARN_UNGUARDED_AVAILABILITY = YES_AGGRESSIVE;
				CLANG_WARN_UNREACHABLE_CODE = YES;
				CLANG_WARN__DUPLICATE_METHOD_MATCH = YES;
				COPY_PHASE_STRIP = NO;
				DEBUG_INFORMATION_FORMAT = "dwarf-with-dsym";
				ENABLE_NS_ASSERTIONS = NO;
				ENABLE_STRICT_OBJC_MSGSEND = YES;
				GCC_C_LANGUAGE_STANDARD = gnu11;
				GCC_NO_COMMON_BLOCKS = YES;
				GCC_WARN_64_TO_32_BIT_CONVERSION = YES;
				GCC_WARN_ABOUT_RETURN_TYPE = YES_ERROR;
				GCC_WARN_UNDECLARED_SELECTOR = YES;
				GCC_WARN_UNINITIALIZED_AUTOS = YES_AGGRESSIVE;
				GCC_WARN_UNUSED_FUNCTION = YES;
				GCC_WARN_UNUSED_VARIABLE = YES;
				IPHONEOS_DEPLOYMENT_TARGET = 13.7;
				MTL_ENABLE_DEBUG_INFO = NO;
				MTL_FAST_MATH = YES;
				SDKROOT = iphoneos;
				SWIFT_COMPILATION_MODE = wholemodule;
				SWIFT_OPTIMIZATION_LEVEL = "-O";
				VALIDATE_PRODUCT = YES;
			};
			name = Release;
		};
		D82DAB77259B971D00F0C98E /* Debug */ = {
			isa = XCBuildConfiguration;
			buildSettings = {
				ASSETCATALOG_COMPILER_APPICON_NAME = AppIcon;
				CODE_SIGN_STYLE = Automatic;
				INFOPLIST_FILE = "Night Porter Table View/Info.plist";
				LD_RUNPATH_SEARCH_PATHS = (
					"$(inherited)",
					"@executable_path/Frameworks",
				);
				PRODUCT_BUNDLE_IDENTIFIER = "com.example.Night-Porter-Table-View";
				PRODUCT_NAME = "$(TARGET_NAME)";
				SWIFT_VERSION = 5.0;
				TARGETED_DEVICE_FAMILY = "1,2";
			};
			name = Debug;
		};
		D82DAB78259B971D00F0C98E /* Release */ = {
			isa = XCBuildConfiguration;
			buildSettings = {
				ASSETCATALOG_COMPILER_APPICON_NAME = AppIcon;
				CODE_SIGN_STYLE = Automatic;
				INFOPLIST_FILE = "Night Porter Table View/Info.plist";
				LD_RUNPATH_SEARCH_PATHS = (
					"$(inherited)",
					"@executable_path/Frameworks",
				);
				PRODUCT_BUNDLE_IDENTIFIER = "com.example.Night-Porter-Table-View";
				PRODUCT_NAME = "$(TARGET_NAME)";
				SWIFT_VERSION = 5.0;
				TARGETED_DEVICE_FAMILY = "1,2";
			};
			name = Release;
		};
/* End XCBuildConfiguration section */

/* Begin XCConfigurationList section */
		D82DAB5D259B971D00F0C98E /* Build configuration list for PBXProject "Night Porter Table View" */ = {
			isa = XCConfigurationList;
			buildConfigurations = (
				D82DAB74259B971D00F0C98E /* Debug */,
				D82DAB75259B971D00F0C98E /* Release */,
			);
			defaultConfigurationIsVisible = 0;
			defaultConfigurationName = Release;
		};
		D82DAB76259B971D00F0C98E /* Build configuration list for PBXNativeTarget "Night Porter Table View" */ = {
			isa = XCConfigurationList;
			buildConfigurations = (
				D82DAB77259B971D00F0C98E /* Debug */,
				D82DAB78259B971D00F0C98E /* Release */,
			);
			defaultConfigurationIsVisible = 0;
			defaultConfigurationName = Release;
		};
/* End XCConfigurationList section */
	};
	rootObject = D82DAB5A259B971D00F0C98E /* Project object */;
}
